
Microsoft Visual Studio Solution File, Format Version 12.00
# Visual Studio Version 16
VisualStudioVersion = 16.0.31911.196
MinimumVisualStudioVersion = 10.0.40219.1
Project("{FAE04EC0-301F-11D3-BF4B-00C04F79EFBC}") = "TDDApproach", "TDDApproach\TDDApproach.csproj", "{55CD02CC-E5A3-4F0D-ADC9-54D580D5602C}"
EndProject
Project("{FAE04EC0-301F-11D3-BF4B-00C04F79EFBC}") = "xUnitTestProject", "xUnitTestProject\xUnitTestProject.csproj", "{4846C8F4-6EA6-4D82-9F83-318F6878CBA0}"
EndProject
Global
	GlobalSection(SolutionConfigurationPlatforms) = preSolution
		Debug|Any CPU = Debug|Any CPU
		Release|Any CPU = Release|Any CPU
	EndGlobalSection
	GlobalSection(ProjectConfigurationPlatforms) = postSolution
		{55CD02CC-E5A3-4F0D-ADC9-54D580D5602C}.Debug|Any CPU.ActiveCfg = Debug|Any CPU
		{55CD02CC-E5A3-4F0D-ADC9-54D580D5602C}.Debug|Any CPU.Build.0 = Debug|Any CPU
		{55CD02CC-E5A3-4F0D-ADC9-54D580D5602C}.Release|Any CPU.ActiveCfg = Release|Any CPU
		{55CD02CC-E5A3-4F0D-ADC9-54D580D5602C}.Release|Any CPU.Build.0 = Release|Any CPU
		{4846C8F4-6EA6-4D82-9F83-318F6878CBA0}.Debug|Any CPU.ActiveCfg = Debug|Any CPU
		{4846C8F4-6EA6-4D82-9F83-318F6878CBA0}.Debug|Any CPU.Build.0 = Debug|Any CPU
		{4846C8F4-6EA6-4D82-9F83-318F6878CBA0}.Release|Any CPU.ActiveCfg = Release|Any CPU
		{4846C8F4-6EA6-4D82-9F83-318F6878CBA0}.Release|Any CPU.Build.0 = Release|Any CPU
	EndGlobalSection
	GlobalSection(SolutionProperties) = preSolution
		HideSolutionNode = FALSE
	EndGlobalSection
	GlobalSection(ExtensibilityGlobals) = postSolution
		SolutionGuid = {40153645-4AB1-46DC-B3E4-02C6E911F516}
	EndGlobalSection
EndGlobal
